
Microsoft Visual Studio Solution File, Format Version 12.00
# Visual Studio Version 17
VisualStudioVersion = 17.1.32210.238
MinimumVisualStudioVersion = 10.0.40219.1
Project("{FAE04EC0-301F-11D3-BF4B-00C04F79EFBC}") = "BookStoreManagement (GUI)", "BookStoreManagement\BookStoreManagement (GUI).csproj", "{C08A6596-3EAF-44AC-8E08-8068CE303343}"
EndProject
Project("{FAE04EC0-301F-11D3-BF4B-00C04F79EFBC}") = "DAL", "DAL\DAL.csproj", "{C7143B64-5C48-460F-8C37-D8D0C374CD84}"
EndProject
Project("{FAE04EC0-301F-11D3-BF4B-00C04F79EFBC}") = "BLL", "BLL\BLL.csproj", "{7BB64BFD-AC43-4161-A7B0-9B27BE654F14}"
EndProject
Project("{FAE04EC0-301F-11D3-BF4B-00C04F79EFBC}") = "DTO", "DTO\DTO.csproj", "{0EB16C32-170B-4DDE-B2CC-6A77C548ED94}"
EndProject
Global
	GlobalSection(SolutionConfigurationPlatforms) = preSolution
		Debug|Any CPU = Debug|Any CPU
		Release|Any CPU = Release|Any CPU
	EndGlobalSection
	GlobalSection(ProjectConfigurationPlatforms) = postSolution
		{C08A6596-3EAF-44AC-8E08-8068CE303343}.Debug|Any CPU.ActiveCfg = Debug|Any CPU
		{C08A6596-3EAF-44AC-8E08-8068CE303343}.Debug|Any CPU.Build.0 = Debug|Any CPU
		{C08A6596-3EAF-44AC-8E08-8068CE303343}.Release|Any CPU.ActiveCfg = Release|Any CPU
		{C08A6596-3EAF-44AC-8E08-8068CE303343}.Release|Any CPU.Build.0 = Release|Any CPU
		{C7143B64-5C48-460F-8C37-D8D0C374CD84}.Debug|Any CPU.ActiveCfg = Debug|Any CPU
		{C7143B64-5C48-460F-8C37-D8D0C374CD84}.Debug|Any CPU.Build.0 = Debug|Any CPU
		{C7143B64-5C48-460F-8C37-D8D0C374CD84}.Release|Any CPU.ActiveCfg = Release|Any CPU
		{C7143B64-5C48-460F-8C37-D8D0C374CD84}.Release|Any CPU.Build.0 = Release|Any CPU
		{7BB64BFD-AC43-4161-A7B0-9B27BE654F14}.Debug|Any CPU.ActiveCfg = Debug|Any CPU
		{7BB64BFD-AC43-4161-A7B0-9B27BE654F14}.Debug|Any CPU.Build.0 = Debug|Any CPU
		{7BB64BFD-AC43-4161-A7B0-9B27BE654F14}.Release|Any CPU.ActiveCfg = Release|Any CPU
		{7BB64BFD-AC43-4161-A7B0-9B27BE654F14}.Release|Any CPU.Build.0 = Release|Any CPU
		{0EB16C32-170B-4DDE-B2CC-6A77C548ED94}.Debug|Any CPU.ActiveCfg = Debug|Any CPU
		{0EB16C32-170B-4DDE-B2CC-6A77C548ED94}.Debug|Any CPU.Build.0 = Debug|Any CPU
		{0EB16C32-170B-4DDE-B2CC-6A77C548ED94}.Release|Any CPU.ActiveCfg = Release|Any CPU
		{0EB16C32-170B-4DDE-B2CC-6A77C548ED94}.Release|Any CPU.Build.0 = Release|Any CPU
	EndGlobalSection
	GlobalSection(SolutionProperties) = preSolution
		HideSolutionNode = FALSE
	EndGlobalSection
	GlobalSection(ExtensibilityGlobals) = postSolution
		SolutionGuid = {D08830CE-278B-4E40-BE44-FF3AF88E60A6}
	EndGlobalSection
EndGlobal
